
Microsoft Visual Studio Solution File, Format Version 12.00
# Visual Studio Version 17
VisualStudioVersion = 17.3.32929.385
MinimumVisualStudioVersion = 10.0.40219.1
Project("{FAE04EC0-301F-11D3-BF4B-00C04F79EFBC}") = "DotnetMnemoScheme", "DotnetMnemoScheme\DotnetMnemoScheme.csproj", "{DBFC04AD-D9F3-4A97-8893-1D85AF1BA48E}"
EndProject
Global
	GlobalSection(SolutionConfigurationPlatforms) = preSolution
		Debug|Any CPU = Debug|Any CPU
		Release|Any CPU = Release|Any CPU
	EndGlobalSection
	GlobalSection(ProjectConfigurationPlatforms) = postSolution
		{DBFC04AD-D9F3-4A97-8893-1D85AF1BA48E}.Debug|Any CPU.ActiveCfg = Debug|Any CPU
		{DBFC04AD-D9F3-4A97-8893-1D85AF1BA48E}.Debug|Any CPU.Build.0 = Debug|Any CPU
		{DBFC04AD-D9F3-4A97-8893-1D85AF1BA48E}.Release|Any CPU.ActiveCfg = Release|Any CPU
		{DBFC04AD-D9F3-4A97-8893-1D85AF1BA48E}.Release|Any CPU.Build.0 = Release|Any CPU
	EndGlobalSection
	GlobalSection(SolutionProperties) = preSolution
		HideSolutionNode = FALSE
	EndGlobalSection
	GlobalSection(ExtensibilityGlobals) = postSolution
		SolutionGuid = {4AE64394-FC3B-4311-B1E1-FEF5226B2AB6}
	EndGlobalSection
EndGlobal
